{
  "name": "insider-bot",
  "version": "1.0.0",
  "lockfileVersion": 1,
  "requires": true,
  "dependencies": {
    "@types/lodash": {
      "version": "4.14.91",
      "resolved": "https://registry.npmjs.org/@types/lodash/-/lodash-4.14.91.tgz",
      "integrity": "sha512-k+nc3moSlAaXacyvz4/c6D9lnUeI6AKsLvkXFuNzUEEqMw7sjDnLW2GqlJ4nyFgMX/p+QzvVG6zRoDo4lJIV5g=="
    }
  }
}
